Microsoft Visual Studio Solution File, Format Version 12.00
# Visual Studio 2013
VisualStudioVersion = 12.0.40629.0
MinimumVisualStudioVersion = 10.0.40219.1
Project("{F184B08F-C81C-45F6-A57F-5ABD9991F28F}") = "口座振替予定一覧表(口座データ)", "口座振替予定一覧表(口座データ).vbproj", "{7EE55FAB-DE19-45CA-8D2A-A1A8C9071767}"
EndProject
Global
	GlobalSection(SolutionConfigurationPlatforms) = preSolution
		Debug|Any CPU = Debug|Any CPU
		Release|Any CPU = Release|Any CPU
	EndGlobalSection
	GlobalSection(ProjectConfigurationPlatforms) = postSolution
		{7EE55FAB-DE19-45CA-8D2A-A1A8C9071767}.Debug|Any CPU.ActiveCfg = Debug|Any CPU
		{7EE55FAB-DE19-45CA-8D2A-A1A8C9071767}.Debug|Any CPU.Build.0 = Debug|Any CPU
		{7EE55FAB-DE19-45CA-8D2A-A1A8C9071767}.Release|Any CPU.ActiveCfg = Release|Any CPU
		{7EE55FAB-DE19-45CA-8D2A-A1A8C9071767}.Release|Any CPU.Build.0 = Release|Any CPU
	EndGlobalSection
	GlobalSection(SolutionProperties) = preSolution
		HideSolutionNode = FALSE
	EndGlobalSection
EndGlobal
