
Microsoft Visual Studio Solution File, Format Version 12.00
# Visual Studio 2013
VisualStudioVersion = 12.0.21005.1
MinimumVisualStudioVersion = 10.0.40219.1
Project("{F184B08F-C81C-45F6-A57F-5ABD9991F28F}") = "CAstFormKes", "CAstFormKes.vbproj", "{C546A403-3E96-4765-AB07-16A6ADEF2C36}"
EndProject
Global
	GlobalSection(SolutionConfigurationPlatforms) = preSolution
		Debug|Any CPU = Debug|Any CPU
		Release|Any CPU = Release|Any CPU
	EndGlobalSection
	GlobalSection(ProjectConfigurationPlatforms) = postSolution
		{C546A403-3E96-4765-AB07-16A6ADEF2C36}.Debug|Any CPU.ActiveCfg = Debug|Any CPU
		{C546A403-3E96-4765-AB07-16A6ADEF2C36}.Debug|Any CPU.Build.0 = Debug|Any CPU
		{C546A403-3E96-4765-AB07-16A6ADEF2C36}.Release|Any CPU.ActiveCfg = Release|Any CPU
		{C546A403-3E96-4765-AB07-16A6ADEF2C36}.Release|Any CPU.Build.0 = Release|Any CPU
	EndGlobalSection
	GlobalSection(SolutionProperties) = preSolution
		HideSolutionNode = FALSE
	EndGlobalSection
EndGlobal
