Microsoft Visual Studio Solution File, Format Version 12.00
# Visual Studio 14
VisualStudioVersion = 14.0.23107.0
MinimumVisualStudioVersion = 10.0.40219.1
Project("{F184B08F-C81C-45F6-A57F-5ABD9991F28F}") = "振込依頼データ落込", "振込依頼データ落込\振込依頼データ落込.vbproj", "{9F90FDD3-D240-48BE-A78C-BCBD2819E7F4}"
	ProjectSection(ProjectDependencies) = postProject
		{D53FBD0E-8249-4C52-A6E1-11C87E33514E} = {D53FBD0E-8249-4C52-A6E1-11C87E33514E}
		{BBE05E0F-23F9-409F-867B-622C790D6A77} = {BBE05E0F-23F9-409F-867B-622C790D6A77}
	EndProjectSection
EndProject
Project("{F184B08F-C81C-45F6-A57F-5ABD9991F28F}") = "CAstFormat", "..\Common\CLS\ClsAstFormat\CAstFormat.vbproj", "{BBE05E0F-23F9-409F-867B-622C790D6A77}"
	ProjectSection(ProjectDependencies) = postProject
		{D53FBD0E-8249-4C52-A6E1-11C87E33514E} = {D53FBD0E-8249-4C52-A6E1-11C87E33514E}
		{6FA2FC84-8752-4AC8-BAA4-7AD6C6B34BCC} = {6FA2FC84-8752-4AC8-BAA4-7AD6C6B34BCC}
		{7BA267BD-8BA6-4EBA-8B20-B88E8E7E34D7} = {7BA267BD-8BA6-4EBA-8B20-B88E8E7E34D7}
		{7FBA9DD1-84A3-48ED-9589-9D7EA98F07DA} = {7FBA9DD1-84A3-48ED-9589-9D7EA98F07DA}
	EndProjectSection
EndProject
Project("{F184B08F-C81C-45F6-A57F-5ABD9991F28F}") = "CAstBatch", "..\Common\CLS\ClsAstBatch\CAstBatch.vbproj", "{D53FBD0E-8249-4C52-A6E1-11C87E33514E}"
	ProjectSection(ProjectDependencies) = postProject
		{7BA267BD-8BA6-4EBA-8B20-B88E8E7E34D7} = {7BA267BD-8BA6-4EBA-8B20-B88E8E7E34D7}
	EndProjectSection
EndProject
Project("{F184B08F-C81C-45F6-A57F-5ABD9991F28F}") = "CAstCommon", "..\Common\CLS\ClsAstCommon\CAstCommon.vbproj", "{7BA267BD-8BA6-4EBA-8B20-B88E8E7E34D7}"
EndProject
Project("{F184B08F-C81C-45F6-A57F-5ABD9991F28F}") = "CAstFormatMini", "..\Common\CLS\ClsAstFormatMini\CAstFormatMini.vbproj", "{7FBA9DD1-84A3-48ED-9589-9D7EA98F07DA}"
	ProjectSection(ProjectDependencies) = postProject
		{A6CD2636-8D88-4BAC-9960-7C4E1497B237} = {A6CD2636-8D88-4BAC-9960-7C4E1497B237}
		{7BA267BD-8BA6-4EBA-8B20-B88E8E7E34D7} = {7BA267BD-8BA6-4EBA-8B20-B88E8E7E34D7}
	EndProjectSection
EndProject
Project("{F184B08F-C81C-45F6-A57F-5ABD9991F28F}") = "clsFUSION", "..\Common\CLS\clsFUSION\clsFUSION.vbproj", "{6FA2FC84-8752-4AC8-BAA4-7AD6C6B34BCC}"
	ProjectSection(ProjectDependencies) = postProject
		{7BA267BD-8BA6-4EBA-8B20-B88E8E7E34D7} = {7BA267BD-8BA6-4EBA-8B20-B88E8E7E34D7}
	EndProjectSection
EndProject
Project("{F184B08F-C81C-45F6-A57F-5ABD9991F28F}") = "MenteCommon", "..\Common\CLS\ClsMenteCommon\MenteCommon.vbproj", "{A6CD2636-8D88-4BAC-9960-7C4E1497B237}"
	ProjectSection(ProjectDependencies) = postProject
		{7BA267BD-8BA6-4EBA-8B20-B88E8E7E34D7} = {7BA267BD-8BA6-4EBA-8B20-B88E8E7E34D7}
	EndProjectSection
EndProject
Project("{F184B08F-C81C-45F6-A57F-5ABD9991F28F}") = "CAstReports", "..\Common\CLS\ClsAstReports\CAstReports.vbproj", "{3FB0075F-68BC-49D1-BCD2-84CC719D8372}"
	ProjectSection(ProjectDependencies) = postProject
		{7BA267BD-8BA6-4EBA-8B20-B88E8E7E34D7} = {7BA267BD-8BA6-4EBA-8B20-B88E8E7E34D7}
	EndProjectSection
EndProject
Project("{F184B08F-C81C-45F6-A57F-5ABD9991F28F}") = "CAstSystem", "..\Common\CLS\ClsAstSystem\CAstSystem.vbproj", "{A4758104-19E5-4050-903E-ECB3B26CE8A3}"
	ProjectSection(ProjectDependencies) = postProject
		{D53FBD0E-8249-4C52-A6E1-11C87E33514E} = {D53FBD0E-8249-4C52-A6E1-11C87E33514E}
		{BBE05E0F-23F9-409F-867B-622C790D6A77} = {BBE05E0F-23F9-409F-867B-622C790D6A77}
		{7BA267BD-8BA6-4EBA-8B20-B88E8E7E34D7} = {7BA267BD-8BA6-4EBA-8B20-B88E8E7E34D7}
	EndProjectSection
EndProject
Project("{F184B08F-C81C-45F6-A57F-5ABD9991F28F}") = "CAstFormKes", "..\Common\CLS\ClsAstFormKes\CAstFormKes.vbproj", "{C546A403-3E96-4765-AB07-16A6ADEF2C36}"
	ProjectSection(ProjectDependencies) = postProject
		{BBE05E0F-23F9-409F-867B-622C790D6A77} = {BBE05E0F-23F9-409F-867B-622C790D6A77}
		{A6CD2636-8D88-4BAC-9960-7C4E1497B237} = {A6CD2636-8D88-4BAC-9960-7C4E1497B237}
		{6FA2FC84-8752-4AC8-BAA4-7AD6C6B34BCC} = {6FA2FC84-8752-4AC8-BAA4-7AD6C6B34BCC}
		{7BA267BD-8BA6-4EBA-8B20-B88E8E7E34D7} = {7BA267BD-8BA6-4EBA-8B20-B88E8E7E34D7}
	EndProjectSection
EndProject
Project("{F184B08F-C81C-45F6-A57F-5ABD9991F28F}") = "振込発信リエンタ作成", "振込発信リエンタ作成\振込発信リエンタ作成.vbproj", "{48220E38-33E1-4E71-8079-F7C30D166D68}"
EndProject
Project("{F184B08F-C81C-45F6-A57F-5ABD9991F28F}") = "振込発信データ作成金バッチ", "振込発信データ作成金バッチ\振込発信データ作成金バッチ.vbproj", "{000623B0-33A7-4186-8E84-8E2B7E566EF4}"
	ProjectSection(ProjectDependencies) = postProject
		{C546A403-3E96-4765-AB07-16A6ADEF2C36} = {C546A403-3E96-4765-AB07-16A6ADEF2C36}
		{BBE05E0F-23F9-409F-867B-622C790D6A77} = {BBE05E0F-23F9-409F-867B-622C790D6A77}
		{A6CD2636-8D88-4BAC-9960-7C4E1497B237} = {A6CD2636-8D88-4BAC-9960-7C4E1497B237}
		{3FB0075F-68BC-49D1-BCD2-84CC719D8372} = {3FB0075F-68BC-49D1-BCD2-84CC719D8372}
		{7BA267BD-8BA6-4EBA-8B20-B88E8E7E34D7} = {7BA267BD-8BA6-4EBA-8B20-B88E8E7E34D7}
	EndProjectSection
EndProject
Project("{F184B08F-C81C-45F6-A57F-5ABD9991F28F}") = "MT代行発信データ作成", "MT代行発信データ作成\MT代行発信データ作成.vbproj", "{87850A59-BE8B-464C-BC38-E57FAF9DF1DC}"
EndProject
Project("{F184B08F-C81C-45F6-A57F-5ABD9991F28F}") = "振込発信CSVリエンタ作成", "振込発信CSVリエンタ作成\振込発信CSVリエンタ作成.vbproj", "{5E4A06B8-81F8-468F-9B97-4BF6B40D9473}"
EndProject
Global
	GlobalSection(SolutionConfigurationPlatforms) = preSolution
		Debug|Any CPU = Debug|Any CPU
		Release|Any CPU = Release|Any CPU
	EndGlobalSection
	GlobalSection(ProjectConfigurationPlatforms) = postSolution
		{9F90FDD3-D240-48BE-A78C-BCBD2819E7F4}.Debug|Any CPU.ActiveCfg = Debug|Any CPU
		{9F90FDD3-D240-48BE-A78C-BCBD2819E7F4}.Debug|Any CPU.Build.0 = Debug|Any CPU
		{9F90FDD3-D240-48BE-A78C-BCBD2819E7F4}.Release|Any CPU.ActiveCfg = Release|Any CPU
		{9F90FDD3-D240-48BE-A78C-BCBD2819E7F4}.Release|Any CPU.Build.0 = Release|Any CPU
		{BBE05E0F-23F9-409F-867B-622C790D6A77}.Debug|Any CPU.ActiveCfg = Debug|Any CPU
		{BBE05E0F-23F9-409F-867B-622C790D6A77}.Debug|Any CPU.Build.0 = Debug|Any CPU
		{BBE05E0F-23F9-409F-867B-622C790D6A77}.Release|Any CPU.ActiveCfg = Release|Any CPU
		{BBE05E0F-23F9-409F-867B-622C790D6A77}.Release|Any CPU.Build.0 = Release|Any CPU
		{D53FBD0E-8249-4C52-A6E1-11C87E33514E}.Debug|Any CPU.ActiveCfg = Debug|Any CPU
		{D53FBD0E-8249-4C52-A6E1-11C87E33514E}.Debug|Any CPU.Build.0 = Debug|Any CPU
		{D53FBD0E-8249-4C52-A6E1-11C87E33514E}.Release|Any CPU.ActiveCfg = Release|Any CPU
		{D53FBD0E-8249-4C52-A6E1-11C87E33514E}.Release|Any CPU.Build.0 = Release|Any CPU
		{7BA267BD-8BA6-4EBA-8B20-B88E8E7E34D7}.Debug|Any CPU.ActiveCfg = Debug|Any CPU
		{7BA267BD-8BA6-4EBA-8B20-B88E8E7E34D7}.Debug|Any CPU.Build.0 = Debug|Any CPU
		{7BA267BD-8BA6-4EBA-8B20-B88E8E7E34D7}.Release|Any CPU.ActiveCfg = Release|Any CPU
		{7BA267BD-8BA6-4EBA-8B20-B88E8E7E34D7}.Release|Any CPU.Build.0 = Release|Any CPU
		{7FBA9DD1-84A3-48ED-9589-9D7EA98F07DA}.Debug|Any CPU.ActiveCfg = Debug|Any CPU
		{7FBA9DD1-84A3-48ED-9589-9D7EA98F07DA}.Debug|Any CPU.Build.0 = Debug|Any CPU
		{7FBA9DD1-84A3-48ED-9589-9D7EA98F07DA}.Release|Any CPU.ActiveCfg = Release|Any CPU
		{7FBA9DD1-84A3-48ED-9589-9D7EA98F07DA}.Release|Any CPU.Build.0 = Release|Any CPU
		{6FA2FC84-8752-4AC8-BAA4-7AD6C6B34BCC}.Debug|Any CPU.ActiveCfg = Debug|Any CPU
		{6FA2FC84-8752-4AC8-BAA4-7AD6C6B34BCC}.Debug|Any CPU.Build.0 = Debug|Any CPU
		{6FA2FC84-8752-4AC8-BAA4-7AD6C6B34BCC}.Release|Any CPU.ActiveCfg = Release|Any CPU
		{6FA2FC84-8752-4AC8-BAA4-7AD6C6B34BCC}.Release|Any CPU.Build.0 = Release|Any CPU
		{A6CD2636-8D88-4BAC-9960-7C4E1497B237}.Debug|Any CPU.ActiveCfg = Debug|Any CPU
		{A6CD2636-8D88-4BAC-9960-7C4E1497B237}.Debug|Any CPU.Build.0 = Debug|Any CPU
		{A6CD2636-8D88-4BAC-9960-7C4E1497B237}.Release|Any CPU.ActiveCfg = Release|Any CPU
		{A6CD2636-8D88-4BAC-9960-7C4E1497B237}.Release|Any CPU.Build.0 = Release|Any CPU
		{3FB0075F-68BC-49D1-BCD2-84CC719D8372}.Debug|Any CPU.ActiveCfg = Debug|Any CPU
		{3FB0075F-68BC-49D1-BCD2-84CC719D8372}.Debug|Any CPU.Build.0 = Debug|Any CPU
		{3FB0075F-68BC-49D1-BCD2-84CC719D8372}.Release|Any CPU.ActiveCfg = Release|Any CPU
		{3FB0075F-68BC-49D1-BCD2-84CC719D8372}.Release|Any CPU.Build.0 = Release|Any CPU
		{A4758104-19E5-4050-903E-ECB3B26CE8A3}.Debug|Any CPU.ActiveCfg = Debug|Any CPU
		{A4758104-19E5-4050-903E-ECB3B26CE8A3}.Debug|Any CPU.Build.0 = Debug|Any CPU
		{A4758104-19E5-4050-903E-ECB3B26CE8A3}.Release|Any CPU.ActiveCfg = Release|Any CPU
		{A4758104-19E5-4050-903E-ECB3B26CE8A3}.Release|Any CPU.Build.0 = Release|Any CPU
		{C546A403-3E96-4765-AB07-16A6ADEF2C36}.Debug|Any CPU.ActiveCfg = Debug|Any CPU
		{C546A403-3E96-4765-AB07-16A6ADEF2C36}.Debug|Any CPU.Build.0 = Debug|Any CPU
		{C546A403-3E96-4765-AB07-16A6ADEF2C36}.Release|Any CPU.ActiveCfg = Release|Any CPU
		{C546A403-3E96-4765-AB07-16A6ADEF2C36}.Release|Any CPU.Build.0 = Release|Any CPU
		{48220E38-33E1-4E71-8079-F7C30D166D68}.Debug|Any CPU.ActiveCfg = Debug|Any CPU
		{48220E38-33E1-4E71-8079-F7C30D166D68}.Debug|Any CPU.Build.0 = Debug|Any CPU
		{48220E38-33E1-4E71-8079-F7C30D166D68}.Release|Any CPU.ActiveCfg = Release|Any CPU
		{48220E38-33E1-4E71-8079-F7C30D166D68}.Release|Any CPU.Build.0 = Release|Any CPU
		{000623B0-33A7-4186-8E84-8E2B7E566EF4}.Debug|Any CPU.ActiveCfg = Debug|Any CPU
		{000623B0-33A7-4186-8E84-8E2B7E566EF4}.Debug|Any CPU.Build.0 = Debug|Any CPU
		{000623B0-33A7-4186-8E84-8E2B7E566EF4}.Release|Any CPU.ActiveCfg = Release|Any CPU
		{000623B0-33A7-4186-8E84-8E2B7E566EF4}.Release|Any CPU.Build.0 = Release|Any CPU
		{87850A59-BE8B-464C-BC38-E57FAF9DF1DC}.Debug|Any CPU.ActiveCfg = Debug|Any CPU
		{87850A59-BE8B-464C-BC38-E57FAF9DF1DC}.Debug|Any CPU.Build.0 = Debug|Any CPU
		{87850A59-BE8B-464C-BC38-E57FAF9DF1DC}.Release|Any CPU.ActiveCfg = Release|Any CPU
		{87850A59-BE8B-464C-BC38-E57FAF9DF1DC}.Release|Any CPU.Build.0 = Release|Any CPU
		{5E4A06B8-81F8-468F-9B97-4BF6B40D9473}.Debug|Any CPU.ActiveCfg = Debug|Any CPU
		{5E4A06B8-81F8-468F-9B97-4BF6B40D9473}.Debug|Any CPU.Build.0 = Debug|Any CPU
		{5E4A06B8-81F8-468F-9B97-4BF6B40D9473}.Release|Any CPU.ActiveCfg = Release|Any CPU
		{5E4A06B8-81F8-468F-9B97-4BF6B40D9473}.Release|Any CPU.Build.0 = Release|Any CPU
	EndGlobalSection
	GlobalSection(SolutionProperties) = preSolution
		HideSolutionNode = FALSE
	EndGlobalSection
EndGlobal
