Microsoft Visual Studio Solution File, Format Version 12.00
# Visual Studio 14
VisualStudioVersion = 14.0.23107.0
MinimumVisualStudioVersion = 10.0.40219.1
Project("{F184B08F-C81C-45F6-A57F-5ABD9991F28F}") = "落し込み", "落し込み\落し込み.vbproj", "{9F90FDD3-D240-48BE-A78C-BCBD2819E7F4}"
	ProjectSection(ProjectDependencies) = postProject
		{BBE05E0F-23F9-409F-867B-622C790D6A77} = {BBE05E0F-23F9-409F-867B-622C790D6A77}
		{7BA267BD-8BA6-4EBA-8B20-B88E8E7E34D7} = {7BA267BD-8BA6-4EBA-8B20-B88E8E7E34D7}
	EndProjectSection
EndProject
Project("{F184B08F-C81C-45F6-A57F-5ABD9991F28F}") = "clsFUSION", "..\Common\CLS\clsFUSION\clsFUSION.vbproj", "{6FA2FC84-8752-4AC8-BAA4-7AD6C6B34BCC}"
	ProjectSection(ProjectDependencies) = postProject
		{7BA267BD-8BA6-4EBA-8B20-B88E8E7E34D7} = {7BA267BD-8BA6-4EBA-8B20-B88E8E7E34D7}
	EndProjectSection
EndProject
Project("{F184B08F-C81C-45F6-A57F-5ABD9991F28F}") = "CAstBatch", "..\Common\CLS\ClsAstBatch\CAstBatch.vbproj", "{D53FBD0E-8249-4C52-A6E1-11C87E33514E}"
	ProjectSection(ProjectDependencies) = postProject
		{7BA267BD-8BA6-4EBA-8B20-B88E8E7E34D7} = {7BA267BD-8BA6-4EBA-8B20-B88E8E7E34D7}
	EndProjectSection
EndProject
Project("{F184B08F-C81C-45F6-A57F-5ABD9991F28F}") = "CAstCommon", "..\Common\CLS\ClsAstCommon\CAstCommon.vbproj", "{7BA267BD-8BA6-4EBA-8B20-B88E8E7E34D7}"
EndProject
Project("{F184B08F-C81C-45F6-A57F-5ABD9991F28F}") = "CAstFormat", "..\Common\CLS\ClsAstFormat\CAstFormat.vbproj", "{BBE05E0F-23F9-409F-867B-622C790D6A77}"
	ProjectSection(ProjectDependencies) = postProject
		{D53FBD0E-8249-4C52-A6E1-11C87E33514E} = {D53FBD0E-8249-4C52-A6E1-11C87E33514E}
		{6FA2FC84-8752-4AC8-BAA4-7AD6C6B34BCC} = {6FA2FC84-8752-4AC8-BAA4-7AD6C6B34BCC}
		{7BA267BD-8BA6-4EBA-8B20-B88E8E7E34D7} = {7BA267BD-8BA6-4EBA-8B20-B88E8E7E34D7}
		{7FBA9DD1-84A3-48ED-9589-9D7EA98F07DA} = {7FBA9DD1-84A3-48ED-9589-9D7EA98F07DA}
	EndProjectSection
EndProject
Project("{F184B08F-C81C-45F6-A57F-5ABD9991F28F}") = "CAstReports", "..\Common\CLS\ClsAstReports\CAstReports.vbproj", "{3FB0075F-68BC-49D1-BCD2-84CC719D8372}"
	ProjectSection(ProjectDependencies) = postProject
		{7BA267BD-8BA6-4EBA-8B20-B88E8E7E34D7} = {7BA267BD-8BA6-4EBA-8B20-B88E8E7E34D7}
	EndProjectSection
EndProject
Project("{F184B08F-C81C-45F6-A57F-5ABD9991F28F}") = "CAstFTP", "..\Common\CLS\ClsAstFTP\CAstFTP.vbproj", "{DF17404F-E473-4017-B6C7-57C546C5BB6C}"
EndProject
Project("{F184B08F-C81C-45F6-A57F-5ABD9991F28F}") = "CAstSystem", "..\Common\CLS\ClsAstSystem\CAstSystem.vbproj", "{A4758104-19E5-4050-903E-ECB3B26CE8A3}"
	ProjectSection(ProjectDependencies) = postProject
		{7BA267BD-8BA6-4EBA-8B20-B88E8E7E34D7} = {7BA267BD-8BA6-4EBA-8B20-B88E8E7E34D7}
	EndProjectSection
EndProject
Project("{F184B08F-C81C-45F6-A57F-5ABD9991F28F}") = "配信", "配信\配信.vbproj", "{61B734BD-3484-43E8-9F4E-7D64CBAADCE7}"
EndProject
Project("{F184B08F-C81C-45F6-A57F-5ABD9991F28F}") = "他行作成", "他行\他行作成.vbproj", "{D6AD962E-6977-4AD3-84F5-A435119B77C4}"
EndProject
Project("{F184B08F-C81C-45F6-A57F-5ABD9991F28F}") = "結果更新", "結果更新\結果更新.vbproj", "{767EAB70-7CEF-4F13-B45A-17AF4F56360C}"
EndProject
Project("{F184B08F-C81C-45F6-A57F-5ABD9991F28F}") = "返還", "返還\返還.vbproj", "{1400D66C-4A58-496A-8B41-EDEB21C9A590}"
EndProject
Project("{F184B08F-C81C-45F6-A57F-5ABD9991F28F}") = "手数料計算", "手数料計算\手数料計算.vbproj", "{565A25C2-BD6A-4869-B1EB-5E81599A1609}"
EndProject
Project("{F184B08F-C81C-45F6-A57F-5ABD9991F28F}") = "CAstFormKes", "..\Common\CLS\ClsAstFormKes\CAstFormKes.vbproj", "{C546A403-3E96-4765-AB07-16A6ADEF2C36}"
	ProjectSection(ProjectDependencies) = postProject
		{BBE05E0F-23F9-409F-867B-622C790D6A77} = {BBE05E0F-23F9-409F-867B-622C790D6A77}
	EndProjectSection
EndProject
Project("{F184B08F-C81C-45F6-A57F-5ABD9991F28F}") = "資金決済結果更新", "資金決済結果更新\資金決済結果更新.vbproj", "{CB82EE77-67C7-4FC0-B7B7-1DCC71A9875B}"
EndProject
Project("{F184B08F-C81C-45F6-A57F-5ABD9991F28F}") = "CAstFormatMini", "..\Common\CLS\ClsAstFormatMini\CAstFormatMini.vbproj", "{7FBA9DD1-84A3-48ED-9589-9D7EA98F07DA}"
	ProjectSection(ProjectDependencies) = postProject
		{A6CD2636-8D88-4BAC-9960-7C4E1497B237} = {A6CD2636-8D88-4BAC-9960-7C4E1497B237}
		{7BA267BD-8BA6-4EBA-8B20-B88E8E7E34D7} = {7BA267BD-8BA6-4EBA-8B20-B88E8E7E34D7}
	EndProjectSection
EndProject
Project("{F184B08F-C81C-45F6-A57F-5ABD9991F28F}") = "資金決済データ作成", "資金決済データ作成\資金決済データ作成.vbproj", "{48220E38-33E1-4E71-8079-F7C30D166D68}"
EndProject
Project("{F184B08F-C81C-45F6-A57F-5ABD9991F28F}") = "MenteCommon", "..\Common\CLS\ClsMenteCommon\MenteCommon.vbproj", "{A6CD2636-8D88-4BAC-9960-7C4E1497B237}"
	ProjectSection(ProjectDependencies) = postProject
		{7BA267BD-8BA6-4EBA-8B20-B88E8E7E34D7} = {7BA267BD-8BA6-4EBA-8B20-B88E8E7E34D7}
	EndProjectSection
EndProject
Project("{F184B08F-C81C-45F6-A57F-5ABD9991F28F}") = "日報集計", "日報集計\日報集計.vbproj", "{44D90E66-4034-4F59-917A-5C51224ED8C4}"
EndProject
Project("{F184B08F-C81C-45F6-A57F-5ABD9991F28F}") = "自振契約", "自振契約\自振契約.vbproj", "{FE162862-9C87-4EF8-8C48-39F33AC61D75}"
EndProject
Project("{F184B08F-C81C-45F6-A57F-5ABD9991F28F}") = "自振契約結果更新", "自振契約結果更新\自振契約結果更新.vbproj", "{1E98B8AE-285F-4EF9-BE6D-75E3EB1DDCD7}"
EndProject
Project("{F184B08F-C81C-45F6-A57F-5ABD9991F28F}") = "再振データ作成", "再振データ作成\再振データ作成.vbproj", "{F9362A4E-1C05-460E-BCC8-6E2ABC90445A}"
EndProject
Project("{F184B08F-C81C-45F6-A57F-5ABD9991F28F}") = "金融機関マスタ更新", "金融機関マスタ更新\金融機関マスタ更新.vbproj", "{A2DF2809-2AF7-4352-8B9E-9946EAF0869F}"
EndProject
Project("{F184B08F-C81C-45F6-A57F-5ABD9991F28F}") = "センター直接持込落込", "センター直接持込落込\センター直接持込落込.vbproj", "{82DACE36-40AA-4B8D-93AA-3C9BC6B04A81}"
EndProject
Project("{F184B08F-C81C-45F6-A57F-5ABD9991F28F}") = "WEB伝送連携", "WEB伝送連携\WEB伝送連携.vbproj", "{1DF6E785-CB5A-4C4A-8859-88AD6C1B65E1}"
EndProject
Project("{F184B08F-C81C-45F6-A57F-5ABD9991F28F}") = "CAstExtendPrint", "..\Common\CLS\ClsAstExtendPrint\CAstExtendPrint.vbproj", "{B7C44A80-21CD-48D0-ABD7-B88F4A0B5FA9}"
	ProjectSection(ProjectDependencies) = postProject
		{A6CD2636-8D88-4BAC-9960-7C4E1497B237} = {A6CD2636-8D88-4BAC-9960-7C4E1497B237}
		{7BA267BD-8BA6-4EBA-8B20-B88E8E7E34D7} = {7BA267BD-8BA6-4EBA-8B20-B88E8E7E34D7}
	EndProjectSection
EndProject
Project("{F184B08F-C81C-45F6-A57F-5ABD9991F28F}") = "日報集計_EDITION2", "日報集計_EDITION2\日報集計_EDITION2.vbproj", "{22452943-EF49-40A7-940E-C41DF3831C7B}"
EndProject
Project("{F184B08F-C81C-45F6-A57F-5ABD9991F28F}") = "資金決済データ作成金バッチ", "資金決済データ作成金バッチ\資金決済データ作成金バッチ.vbproj", "{C4E0DB36-7829-463B-9058-2568F056E4FA}"
EndProject
Project("{F184B08F-C81C-45F6-A57F-5ABD9991F28F}") = "一括照合", "一括照合\一括照合.vbproj", "{730E14BD-8770-49B4-9960-0EEF0352CB38}"
EndProject
Global
	GlobalSection(SolutionConfigurationPlatforms) = preSolution
		Debug|Any CPU = Debug|Any CPU
		Release|Any CPU = Release|Any CPU
	EndGlobalSection
	GlobalSection(ProjectConfigurationPlatforms) = postSolution
		{9F90FDD3-D240-48BE-A78C-BCBD2819E7F4}.Debug|Any CPU.ActiveCfg = Debug|Any CPU
		{9F90FDD3-D240-48BE-A78C-BCBD2819E7F4}.Debug|Any CPU.Build.0 = Debug|Any CPU
		{9F90FDD3-D240-48BE-A78C-BCBD2819E7F4}.Release|Any CPU.ActiveCfg = Release|Any CPU
		{9F90FDD3-D240-48BE-A78C-BCBD2819E7F4}.Release|Any CPU.Build.0 = Release|Any CPU
		{6FA2FC84-8752-4AC8-BAA4-7AD6C6B34BCC}.Debug|Any CPU.ActiveCfg = Debug|Any CPU
		{6FA2FC84-8752-4AC8-BAA4-7AD6C6B34BCC}.Debug|Any CPU.Build.0 = Debug|Any CPU
		{6FA2FC84-8752-4AC8-BAA4-7AD6C6B34BCC}.Release|Any CPU.ActiveCfg = Release|Any CPU
		{6FA2FC84-8752-4AC8-BAA4-7AD6C6B34BCC}.Release|Any CPU.Build.0 = Release|Any CPU
		{D53FBD0E-8249-4C52-A6E1-11C87E33514E}.Debug|Any CPU.ActiveCfg = Debug|Any CPU
		{D53FBD0E-8249-4C52-A6E1-11C87E33514E}.Debug|Any CPU.Build.0 = Debug|Any CPU
		{D53FBD0E-8249-4C52-A6E1-11C87E33514E}.Release|Any CPU.ActiveCfg = Release|Any CPU
		{D53FBD0E-8249-4C52-A6E1-11C87E33514E}.Release|Any CPU.Build.0 = Release|Any CPU
		{7BA267BD-8BA6-4EBA-8B20-B88E8E7E34D7}.Debug|Any CPU.ActiveCfg = Debug|Any CPU
		{7BA267BD-8BA6-4EBA-8B20-B88E8E7E34D7}.Debug|Any CPU.Build.0 = Debug|Any CPU
		{7BA267BD-8BA6-4EBA-8B20-B88E8E7E34D7}.Release|Any CPU.ActiveCfg = Release|Any CPU
		{7BA267BD-8BA6-4EBA-8B20-B88E8E7E34D7}.Release|Any CPU.Build.0 = Release|Any CPU
		{BBE05E0F-23F9-409F-867B-622C790D6A77}.Debug|Any CPU.ActiveCfg = Debug|Any CPU
		{BBE05E0F-23F9-409F-867B-622C790D6A77}.Debug|Any CPU.Build.0 = Debug|Any CPU
		{BBE05E0F-23F9-409F-867B-622C790D6A77}.Release|Any CPU.ActiveCfg = Release|Any CPU
		{BBE05E0F-23F9-409F-867B-622C790D6A77}.Release|Any CPU.Build.0 = Release|Any CPU
		{3FB0075F-68BC-49D1-BCD2-84CC719D8372}.Debug|Any CPU.ActiveCfg = Debug|Any CPU
		{3FB0075F-68BC-49D1-BCD2-84CC719D8372}.Debug|Any CPU.Build.0 = Debug|Any CPU
		{3FB0075F-68BC-49D1-BCD2-84CC719D8372}.Release|Any CPU.ActiveCfg = Release|Any CPU
		{3FB0075F-68BC-49D1-BCD2-84CC719D8372}.Release|Any CPU.Build.0 = Release|Any CPU
		{DF17404F-E473-4017-B6C7-57C546C5BB6C}.Debug|Any CPU.ActiveCfg = Debug|Any CPU
		{DF17404F-E473-4017-B6C7-57C546C5BB6C}.Debug|Any CPU.Build.0 = Debug|Any CPU
		{DF17404F-E473-4017-B6C7-57C546C5BB6C}.Release|Any CPU.ActiveCfg = Release|Any CPU
		{DF17404F-E473-4017-B6C7-57C546C5BB6C}.Release|Any CPU.Build.0 = Release|Any CPU
		{A4758104-19E5-4050-903E-ECB3B26CE8A3}.Debug|Any CPU.ActiveCfg = Debug|Any CPU
		{A4758104-19E5-4050-903E-ECB3B26CE8A3}.Debug|Any CPU.Build.0 = Debug|Any CPU
		{A4758104-19E5-4050-903E-ECB3B26CE8A3}.Release|Any CPU.ActiveCfg = Release|Any CPU
		{A4758104-19E5-4050-903E-ECB3B26CE8A3}.Release|Any CPU.Build.0 = Release|Any CPU
		{61B734BD-3484-43E8-9F4E-7D64CBAADCE7}.Debug|Any CPU.ActiveCfg = Debug|Any CPU
		{61B734BD-3484-43E8-9F4E-7D64CBAADCE7}.Debug|Any CPU.Build.0 = Debug|Any CPU
		{61B734BD-3484-43E8-9F4E-7D64CBAADCE7}.Release|Any CPU.ActiveCfg = Release|Any CPU
		{61B734BD-3484-43E8-9F4E-7D64CBAADCE7}.Release|Any CPU.Build.0 = Release|Any CPU
		{D6AD962E-6977-4AD3-84F5-A435119B77C4}.Debug|Any CPU.ActiveCfg = Debug|Any CPU
		{D6AD962E-6977-4AD3-84F5-A435119B77C4}.Debug|Any CPU.Build.0 = Debug|Any CPU
		{D6AD962E-6977-4AD3-84F5-A435119B77C4}.Release|Any CPU.ActiveCfg = Release|Any CPU
		{D6AD962E-6977-4AD3-84F5-A435119B77C4}.Release|Any CPU.Build.0 = Release|Any CPU
		{767EAB70-7CEF-4F13-B45A-17AF4F56360C}.Debug|Any CPU.ActiveCfg = Debug|Any CPU
		{767EAB70-7CEF-4F13-B45A-17AF4F56360C}.Debug|Any CPU.Build.0 = Debug|Any CPU
		{767EAB70-7CEF-4F13-B45A-17AF4F56360C}.Release|Any CPU.ActiveCfg = Release|Any CPU
		{767EAB70-7CEF-4F13-B45A-17AF4F56360C}.Release|Any CPU.Build.0 = Release|Any CPU
		{1400D66C-4A58-496A-8B41-EDEB21C9A590}.Debug|Any CPU.ActiveCfg = Debug|Any CPU
		{1400D66C-4A58-496A-8B41-EDEB21C9A590}.Debug|Any CPU.Build.0 = Debug|Any CPU
		{1400D66C-4A58-496A-8B41-EDEB21C9A590}.Release|Any CPU.ActiveCfg = Release|Any CPU
		{1400D66C-4A58-496A-8B41-EDEB21C9A590}.Release|Any CPU.Build.0 = Release|Any CPU
		{565A25C2-BD6A-4869-B1EB-5E81599A1609}.Debug|Any CPU.ActiveCfg = Debug|Any CPU
		{565A25C2-BD6A-4869-B1EB-5E81599A1609}.Debug|Any CPU.Build.0 = Debug|Any CPU
		{565A25C2-BD6A-4869-B1EB-5E81599A1609}.Release|Any CPU.ActiveCfg = Release|Any CPU
		{565A25C2-BD6A-4869-B1EB-5E81599A1609}.Release|Any CPU.Build.0 = Release|Any CPU
		{C546A403-3E96-4765-AB07-16A6ADEF2C36}.Debug|Any CPU.ActiveCfg = Debug|Any CPU
		{C546A403-3E96-4765-AB07-16A6ADEF2C36}.Debug|Any CPU.Build.0 = Debug|Any CPU
		{C546A403-3E96-4765-AB07-16A6ADEF2C36}.Release|Any CPU.ActiveCfg = Release|Any CPU
		{C546A403-3E96-4765-AB07-16A6ADEF2C36}.Release|Any CPU.Build.0 = Release|Any CPU
		{CB82EE77-67C7-4FC0-B7B7-1DCC71A9875B}.Debug|Any CPU.ActiveCfg = Debug|Any CPU
		{CB82EE77-67C7-4FC0-B7B7-1DCC71A9875B}.Debug|Any CPU.Build.0 = Debug|Any CPU
		{CB82EE77-67C7-4FC0-B7B7-1DCC71A9875B}.Release|Any CPU.ActiveCfg = Release|Any CPU
		{CB82EE77-67C7-4FC0-B7B7-1DCC71A9875B}.Release|Any CPU.Build.0 = Release|Any CPU
		{7FBA9DD1-84A3-48ED-9589-9D7EA98F07DA}.Debug|Any CPU.ActiveCfg = Debug|Any CPU
		{7FBA9DD1-84A3-48ED-9589-9D7EA98F07DA}.Debug|Any CPU.Build.0 = Debug|Any CPU
		{7FBA9DD1-84A3-48ED-9589-9D7EA98F07DA}.Release|Any CPU.ActiveCfg = Release|Any CPU
		{7FBA9DD1-84A3-48ED-9589-9D7EA98F07DA}.Release|Any CPU.Build.0 = Release|Any CPU
		{48220E38-33E1-4E71-8079-F7C30D166D68}.Debug|Any CPU.ActiveCfg = Debug|Any CPU
		{48220E38-33E1-4E71-8079-F7C30D166D68}.Debug|Any CPU.Build.0 = Debug|Any CPU
		{48220E38-33E1-4E71-8079-F7C30D166D68}.Release|Any CPU.ActiveCfg = Release|Any CPU
		{48220E38-33E1-4E71-8079-F7C30D166D68}.Release|Any CPU.Build.0 = Release|Any CPU
		{A6CD2636-8D88-4BAC-9960-7C4E1497B237}.Debug|Any CPU.ActiveCfg = Debug|Any CPU
		{A6CD2636-8D88-4BAC-9960-7C4E1497B237}.Debug|Any CPU.Build.0 = Debug|Any CPU
		{A6CD2636-8D88-4BAC-9960-7C4E1497B237}.Release|Any CPU.ActiveCfg = Release|Any CPU
		{A6CD2636-8D88-4BAC-9960-7C4E1497B237}.Release|Any CPU.Build.0 = Release|Any CPU
		{44D90E66-4034-4F59-917A-5C51224ED8C4}.Debug|Any CPU.ActiveCfg = Debug|Any CPU
		{44D90E66-4034-4F59-917A-5C51224ED8C4}.Debug|Any CPU.Build.0 = Debug|Any CPU
		{44D90E66-4034-4F59-917A-5C51224ED8C4}.Release|Any CPU.ActiveCfg = Release|Any CPU
		{44D90E66-4034-4F59-917A-5C51224ED8C4}.Release|Any CPU.Build.0 = Release|Any CPU
		{FE162862-9C87-4EF8-8C48-39F33AC61D75}.Debug|Any CPU.ActiveCfg = Debug|Any CPU
		{FE162862-9C87-4EF8-8C48-39F33AC61D75}.Debug|Any CPU.Build.0 = Debug|Any CPU
		{FE162862-9C87-4EF8-8C48-39F33AC61D75}.Release|Any CPU.ActiveCfg = Release|Any CPU
		{FE162862-9C87-4EF8-8C48-39F33AC61D75}.Release|Any CPU.Build.0 = Release|Any CPU
		{1E98B8AE-285F-4EF9-BE6D-75E3EB1DDCD7}.Debug|Any CPU.ActiveCfg = Debug|Any CPU
		{1E98B8AE-285F-4EF9-BE6D-75E3EB1DDCD7}.Debug|Any CPU.Build.0 = Debug|Any CPU
		{1E98B8AE-285F-4EF9-BE6D-75E3EB1DDCD7}.Release|Any CPU.ActiveCfg = Release|Any CPU
		{1E98B8AE-285F-4EF9-BE6D-75E3EB1DDCD7}.Release|Any CPU.Build.0 = Release|Any CPU
		{F9362A4E-1C05-460E-BCC8-6E2ABC90445A}.Debug|Any CPU.ActiveCfg = Debug|Any CPU
		{F9362A4E-1C05-460E-BCC8-6E2ABC90445A}.Debug|Any CPU.Build.0 = Debug|Any CPU
		{F9362A4E-1C05-460E-BCC8-6E2ABC90445A}.Release|Any CPU.ActiveCfg = Release|Any CPU
		{F9362A4E-1C05-460E-BCC8-6E2ABC90445A}.Release|Any CPU.Build.0 = Release|Any CPU
		{A2DF2809-2AF7-4352-8B9E-9946EAF0869F}.Debug|Any CPU.ActiveCfg = Debug|Any CPU
		{A2DF2809-2AF7-4352-8B9E-9946EAF0869F}.Debug|Any CPU.Build.0 = Debug|Any CPU
		{A2DF2809-2AF7-4352-8B9E-9946EAF0869F}.Release|Any CPU.ActiveCfg = Release|Any CPU
		{A2DF2809-2AF7-4352-8B9E-9946EAF0869F}.Release|Any CPU.Build.0 = Release|Any CPU
		{82DACE36-40AA-4B8D-93AA-3C9BC6B04A81}.Debug|Any CPU.ActiveCfg = Debug|Any CPU
		{82DACE36-40AA-4B8D-93AA-3C9BC6B04A81}.Debug|Any CPU.Build.0 = Debug|Any CPU
		{82DACE36-40AA-4B8D-93AA-3C9BC6B04A81}.Release|Any CPU.ActiveCfg = Release|Any CPU
		{82DACE36-40AA-4B8D-93AA-3C9BC6B04A81}.Release|Any CPU.Build.0 = Release|Any CPU
		{1DF6E785-CB5A-4C4A-8859-88AD6C1B65E1}.Debug|Any CPU.ActiveCfg = Debug|Any CPU
		{1DF6E785-CB5A-4C4A-8859-88AD6C1B65E1}.Debug|Any CPU.Build.0 = Debug|Any CPU
		{1DF6E785-CB5A-4C4A-8859-88AD6C1B65E1}.Release|Any CPU.ActiveCfg = Release|Any CPU
		{1DF6E785-CB5A-4C4A-8859-88AD6C1B65E1}.Release|Any CPU.Build.0 = Release|Any CPU
		{B7C44A80-21CD-48D0-ABD7-B88F4A0B5FA9}.Debug|Any CPU.ActiveCfg = Debug|Any CPU
		{B7C44A80-21CD-48D0-ABD7-B88F4A0B5FA9}.Debug|Any CPU.Build.0 = Debug|Any CPU
		{B7C44A80-21CD-48D0-ABD7-B88F4A0B5FA9}.Release|Any CPU.ActiveCfg = Release|Any CPU
		{B7C44A80-21CD-48D0-ABD7-B88F4A0B5FA9}.Release|Any CPU.Build.0 = Release|Any CPU
		{22452943-EF49-40A7-940E-C41DF3831C7B}.Debug|Any CPU.ActiveCfg = Debug|Any CPU
		{22452943-EF49-40A7-940E-C41DF3831C7B}.Debug|Any CPU.Build.0 = Debug|Any CPU
		{22452943-EF49-40A7-940E-C41DF3831C7B}.Release|Any CPU.ActiveCfg = Release|Any CPU
		{22452943-EF49-40A7-940E-C41DF3831C7B}.Release|Any CPU.Build.0 = Release|Any CPU
		{C4E0DB36-7829-463B-9058-2568F056E4FA}.Debug|Any CPU.ActiveCfg = Debug|Any CPU
		{C4E0DB36-7829-463B-9058-2568F056E4FA}.Debug|Any CPU.Build.0 = Debug|Any CPU
		{C4E0DB36-7829-463B-9058-2568F056E4FA}.Release|Any CPU.ActiveCfg = Release|Any CPU
		{C4E0DB36-7829-463B-9058-2568F056E4FA}.Release|Any CPU.Build.0 = Release|Any CPU
		{730E14BD-8770-49B4-9960-0EEF0352CB38}.Debug|Any CPU.ActiveCfg = Debug|Any CPU
		{730E14BD-8770-49B4-9960-0EEF0352CB38}.Debug|Any CPU.Build.0 = Debug|Any CPU
		{730E14BD-8770-49B4-9960-0EEF0352CB38}.Release|Any CPU.ActiveCfg = Release|Any CPU
		{730E14BD-8770-49B4-9960-0EEF0352CB38}.Release|Any CPU.Build.0 = Release|Any CPU
	EndGlobalSection
	GlobalSection(SolutionProperties) = preSolution
		HideSolutionNode = FALSE
	EndGlobalSection
EndGlobal
