
Microsoft Visual Studio Solution File, Format Version 12.00
# Visual Studio 2013
VisualStudioVersion = 12.0.21005.1
MinimumVisualStudioVersion = 10.0.40219.1
Project("{F184B08F-C81C-45F6-A57F-5ABD9991F28F}") = "CAstExternal", "CAstExternal\CAstExternal.vbproj", "{8C826383-CB9F-4E67-A931-C1D3040280F1}"
EndProject
Project("{2150E333-8FDC-42A3-9474-1A3956D46DE8}") = "Batch", "Batch", "{11F2C731-D865-47DF-AAE5-FEB23636B888}"
EndProject
Project("{2150E333-8FDC-42A3-9474-1A3956D46DE8}") = "Batch総振", "Batch総振", "{B7B1E206-D99F-4B15-9041-9E4CCAAB7138}"
EndProject
Project("{2150E333-8FDC-42A3-9474-1A3956D46DE8}") = "帳票印刷", "帳票印刷", "{7D507962-038B-4647-A7D9-E7102BD4FE25}"
EndProject
Project("{2150E333-8FDC-42A3-9474-1A3956D46DE8}") = "WEB伝送", "WEB伝送", "{B5097389-A77E-41F7-96C6-0D60A762B1DC}"
EndProject
Project("{2150E333-8FDC-42A3-9474-1A3956D46DE8}") = "運用管理", "運用管理", "{BC9AA17A-E548-4C11-9615-7BAF5FDE24CE}"
EndProject
Project("{2150E333-8FDC-42A3-9474-1A3956D46DE8}") = "学校諸会費", "学校諸会費", "{41F3E363-2D20-4F99-B230-02251D324539}"
EndProject
Project("{2150E333-8FDC-42A3-9474-1A3956D46DE8}") = "企業自振", "企業自振", "{6039DF32-5010-4F03-A8D5-3766D78B7940}"
EndProject
Project("{2150E333-8FDC-42A3-9474-1A3956D46DE8}") = "資金決済", "資金決済", "{10508FFC-DA0D-412A-8A00-E156C30474B7}"
EndProject
Project("{2150E333-8FDC-42A3-9474-1A3956D46DE8}") = "総合振込", "総合振込", "{9AF5856B-A151-493A-AF7D-F6F1C1804A2B}"
EndProject
Project("{2150E333-8FDC-42A3-9474-1A3956D46DE8}") = "JOB", "JOB", "{5DD95A7E-100C-426A-AAA7-8EFCD8CF73B1}"
EndProject
Global
	GlobalSection(SolutionConfigurationPlatforms) = preSolution
		Debug|Any CPU = Debug|Any CPU
		Release|Any CPU = Release|Any CPU
	EndGlobalSection
	GlobalSection(ProjectConfigurationPlatforms) = postSolution
		{8C826383-CB9F-4E67-A931-C1D3040280F1}.Debug|Any CPU.ActiveCfg = Debug|Any CPU
		{8C826383-CB9F-4E67-A931-C1D3040280F1}.Debug|Any CPU.Build.0 = Debug|Any CPU
		{8C826383-CB9F-4E67-A931-C1D3040280F1}.Release|Any CPU.ActiveCfg = Release|Any CPU
		{8C826383-CB9F-4E67-A931-C1D3040280F1}.Release|Any CPU.Build.0 = Release|Any CPU
	EndGlobalSection
	GlobalSection(SolutionProperties) = preSolution
		HideSolutionNode = FALSE
	EndGlobalSection
	GlobalSection(NestedProjects) = preSolution
		{B5097389-A77E-41F7-96C6-0D60A762B1DC} = {7D507962-038B-4647-A7D9-E7102BD4FE25}
		{BC9AA17A-E548-4C11-9615-7BAF5FDE24CE} = {7D507962-038B-4647-A7D9-E7102BD4FE25}
		{41F3E363-2D20-4F99-B230-02251D324539} = {7D507962-038B-4647-A7D9-E7102BD4FE25}
		{6039DF32-5010-4F03-A8D5-3766D78B7940} = {7D507962-038B-4647-A7D9-E7102BD4FE25}
		{10508FFC-DA0D-412A-8A00-E156C30474B7} = {7D507962-038B-4647-A7D9-E7102BD4FE25}
		{9AF5856B-A151-493A-AF7D-F6F1C1804A2B} = {7D507962-038B-4647-A7D9-E7102BD4FE25}
	EndGlobalSection
EndGlobal
