Microsoft Visual Studio Solution File, Format Version 12.00
# Visual Studio 2013
VisualStudioVersion = 12.0.40629.0
MinimumVisualStudioVersion = 10.0.40219.1
Project("{F184B08F-C81C-45F6-A57F-5ABD9991F28F}") = "ëççáêUçûñæç◊ï\", "ëççáêUçûñæç◊ï\.vbproj", "{BADFA799-D4CA-4DEB-A24E-B7FCDD43C6E0}"
EndProject
Global
	GlobalSection(SolutionConfigurationPlatforms) = preSolution
		Debug|Any CPU = Debug|Any CPU
		Release|Any CPU = Release|Any CPU
	EndGlobalSection
	GlobalSection(ProjectConfigurationPlatforms) = postSolution
		{BADFA799-D4CA-4DEB-A24E-B7FCDD43C6E0}.Debug|Any CPU.ActiveCfg = Debug|Any CPU
		{BADFA799-D4CA-4DEB-A24E-B7FCDD43C6E0}.Debug|Any CPU.Build.0 = Debug|Any CPU
		{BADFA799-D4CA-4DEB-A24E-B7FCDD43C6E0}.Release|Any CPU.ActiveCfg = Debug|Any CPU
		{BADFA799-D4CA-4DEB-A24E-B7FCDD43C6E0}.Release|Any CPU.Build.0 = Debug|Any CPU
	EndGlobalSection
	GlobalSection(SolutionProperties) = preSolution
		HideSolutionNode = FALSE
	EndGlobalSection
EndGlobal
